
Microsoft Visual Studio Solution File, Format Version 12.00
# Visual Studio Version 17
VisualStudioVersion = 17.10.35122.118
MinimumVisualStudioVersion = 10.0.40219.1
Project("{8BC9CEB8-8B4A-11D0-8D11-00A0C91BC942}") = "Sandbox", "Sandbox\Sandbox.vcxproj", "{F7628ABA-1014-4B7C-B39D-7471BFF95F13}"
EndProject
Project("{8BC9CEB8-8B4A-11D0-8D11-00A0C91BC942}") = "Hazel", "Hazel\Hazel.vcxproj", "{42D2AF6C-FF3E-4301-BC0D-8582ACC64988}"
EndProject
Global
	GlobalSection(SolutionConfigurationPlatforms) = preSolution
		Debug|x64 = Debug|x64
		Release|x64 = Release|x64
	EndGlobalSection
	GlobalSection(ProjectConfigurationPlatforms) = postSolution
		{42D2AF6C-FF3E-4301-BC0D-8582ACC64988}.Debug|x64.ActiveCfg = Debug|x64
		{42D2AF6C-FF3E-4301-BC0D-8582ACC64988}.Debug|x64.Build.0 = Debug|x64
		{42D2AF6C-FF3E-4301-BC0D-8582ACC64988}.Release|x64.ActiveCfg = Release|x64
		{42D2AF6C-FF3E-4301-BC0D-8582ACC64988}.Release|x64.Build.0 = Release|x64
		{F7628ABA-1014-4B7C-B39D-7471BFF95F13}.Debug|x64.ActiveCfg = Debug|x64
		{F7628ABA-1014-4B7C-B39D-7471BFF95F13}.Debug|x64.Build.0 = Debug|x64
		{F7628ABA-1014-4B7C-B39D-7471BFF95F13}.Release|x64.ActiveCfg = Release|x64
		{F7628ABA-1014-4B7C-B39D-7471BFF95F13}.Release|x64.Build.0 = Release|x64
	EndGlobalSection
	GlobalSection(SolutionProperties) = preSolution
		HideSolutionNode = FALSE
	EndGlobalSection
	GlobalSection(ExtensibilityGlobals) = postSolution
		SolutionGuid = {37D2ED88-621D-4A5C-939C-967B371767C8}
	EndGlobalSection
EndGlobal
